
Microsoft Visual Studio Solution File, Format Version 12.00
# Visual Studio Version 17
VisualStudioVersion = 17.14.36518.9
MinimumVisualStudioVersion = 10.0.40219.1
Project("{FAE04EC0-301F-11D3-BF4B-00C04F79EFBC}") = "spa_web_app", "spa_web_app\spa_web_app.csproj", "{5A4F16B7-4E0C-4A2F-BB67-B089EA516275}"
EndProject
Global
	GlobalSection(SolutionConfigurationPlatforms) = preSolution
		Debug|Any CPU = Debug|Any CPU
		Release|Any CPU = Release|Any CPU
	EndGlobalSection
	GlobalSection(ProjectConfigurationPlatforms) = postSolution
		{5A4F16B7-4E0C-4A2F-BB67-B089EA516275}.Debug|Any CPU.ActiveCfg = Debug|Any CPU
		{5A4F16B7-4E0C-4A2F-BB67-B089EA516275}.Debug|Any CPU.Build.0 = Debug|Any CPU
		{5A4F16B7-4E0C-4A2F-BB67-B089EA516275}.Release|Any CPU.ActiveCfg = Release|Any CPU
		{5A4F16B7-4E0C-4A2F-BB67-B089EA516275}.Release|Any CPU.Build.0 = Release|Any CPU
	EndGlobalSection
	GlobalSection(SolutionProperties) = preSolution
		HideSolutionNode = FALSE
	EndGlobalSection
	GlobalSection(ExtensibilityGlobals) = postSolution
		SolutionGuid = {7B7B5028-AD10-48E2-8B82-16B4DA6186C1}
	EndGlobalSection
EndGlobal
